
Microsoft Visual Studio Solution File, Format Version 12.00
# Visual Studio Version 17
VisualStudioVersion = 17.6.33927.249
MinimumVisualStudioVersion = 10.0.40219.1
Project("{9A19103F-16F7-4668-BE54-9A1E7A4F7556}") = "server", "server.csproj", "{DA331A38-3D9A-4939-8A51-497FA72282BF}"
EndProject
Global
	GlobalSection(SolutionConfigurationPlatforms) = preSolution
		Debug|Any CPU = Debug|Any CPU
		Release|Any CPU = Release|Any CPU
	EndGlobalSection
	GlobalSection(ProjectConfigurationPlatforms) = postSolution
		{DA331A38-3D9A-4939-8A51-497FA72282BF}.Debug|Any CPU.ActiveCfg = Debug|Any CPU
		{DA331A38-3D9A-4939-8A51-497FA72282BF}.Debug|Any CPU.Build.0 = Debug|Any CPU
		{DA331A38-3D9A-4939-8A51-497FA72282BF}.Release|Any CPU.ActiveCfg = Release|Any CPU
		{DA331A38-3D9A-4939-8A51-497FA72282BF}.Release|Any CPU.Build.0 = Release|Any CPU
	EndGlobalSection
	GlobalSection(SolutionProperties) = preSolution
		HideSolutionNode = FALSE
	EndGlobalSection
	GlobalSection(ExtensibilityGlobals) = postSolution
		SolutionGuid = {F6D07687-79D5-43E0-9AB8-0F456E1383EB}
	EndGlobalSection
EndGlobal
